# generated by rye
# use `rye lock` or `rye sync` to update this lockfile
#
# last locked with the following flags:
#   pre: false
#   features: []
#   all-features: true
#   with-sources: false
#   generate-hashes: false
#   universal: false

-e file:.
aiohappyeyeballs==2.6.1
    # via aiohttp
aiohttp==3.12.8
    # via httpx-aiohttp
    # via openai
aiosignal==1.3.2
    # via aiohttp
annotated-types==0.6.0
    # via pydantic
anyio==4.4.0
    # via httpx
    # via openai
async-timeout==5.0.1
    # via aiohttp
attrs==25.3.0
    # via aiohttp
certifi==2023.7.22
    # via httpcore
    # via httpx
distro==1.8.0
    # via openai
exceptiongroup==1.2.2
    # via anyio
frozenlist==1.6.2
    # via aiohttp
    # via aiosignal
h11==0.16.0
    # via httpcore
httpcore==1.0.9
    # via httpx
httpx==0.28.1
    # via httpx-aiohttp
    # via openai
httpx-aiohttp==0.1.9
    # via openai
idna==3.4
    # via anyio
    # via httpx
    # via yarl
multidict==6.4.4
    # via aiohttp
    # via yarl
propcache==0.3.1
    # via aiohttp
    # via yarl
pydantic==2.11.9
    # via openai
pydantic-core==2.33.2
    # via pydantic
sniffio==1.3.0
    # via anyio
    # via openai
typing-extensions==4.12.2
    # via anyio
    # via multidict
    # via openai
    # via pydantic
    # via pydantic-core
    # via typing-inspection
typing-inspection==0.4.1
    # via pydantic
websockets==15.0.1
    # via openai
yarl==1.20.0
    # via aiohttp
