# This file was autogenerated by uv via the following command:
#    uv export --locked --no-hashes --all-extras --group dev -o requirements-dev.lock
-e .
aiohappyeyeballs==2.6.1
    # via aiohttp
aiohttp==3.13.5
    # via
    #   httpx-aiohttp
    #   openai
aiosignal==1.4.0
    # via aiohttp
annotated-types==0.7.0
    # via pydantic
anyio==4.12.1 ; python_full_version < '3.10'
    # via
    #   httpx
    #   openai
anyio==4.13.0 ; python_full_version >= '3.10'
    # via
    #   httpx
    #   openai
argcomplete==3.6.3
    # via nox
asttokens==3.0.1
    # via inline-snapshot
async-timeout==5.0.1 ; python_full_version < '3.11'
    # via aiohttp
attrs==26.1.0
    # via
    #   aiohttp
    #   nox
    #   outcome
    #   trio
azure-core==1.39.0
    # via azure-identity
azure-identity==1.25.3
backports-asyncio-runner==1.2.0 ; python_full_version < '3.11'
    # via pytest-asyncio
certifi==2026.2.25
    # via
    #   httpcore
    #   httpx
    #   requests
cffi==2.0.0
    # via
    #   cryptography
    #   sounddevice
    #   trio
charset-normalizer==3.4.7
    # via requests
colorama==0.4.6
    # via
    #   colorlog
    #   griffe
    #   griffecli
    #   pytest
    #   tqdm
colorlog==6.10.1
    # via nox
cryptography==46.0.7
    # via
    #   azure-identity
    #   msal
    #   pyjwt
dependency-groups==1.3.1
    # via nox
dirty-equals==0.11
distlib==0.4.0
    # via virtualenv
distro==1.9.0
    # via openai
exceptiongroup==1.3.1 ; python_full_version < '3.11'
    # via
    #   anyio
    #   pytest
    #   trio
execnet==2.1.2
    # via pytest-xdist
executing==2.2.1
    # via inline-snapshot
filelock==3.19.1 ; python_full_version < '3.10'
    # via
    #   python-discovery
    #   virtualenv
filelock==3.28.0 ; python_full_version >= '3.10'
    # via
    #   python-discovery
    #   virtualenv
frozenlist==1.8.0
    # via
    #   aiohttp
    #   aiosignal
griffe==1.14.0 ; python_full_version < '3.10'
griffe==2.0.2 ; python_full_version >= '3.10'
griffecli==2.0.2 ; python_full_version >= '3.10'
    # via griffe
griffelib==2.0.2 ; python_full_version >= '3.10'
    # via
    #   griffe
    #   griffecli
h11==0.16.0
    # via httpcore
httpcore==1.0.9
    # via httpx
httpx==0.28.1
    # via
    #   httpx-aiohttp
    #   openai
    #   respx
httpx-aiohttp==0.1.12
    # via openai
humanize==4.13.0 ; python_full_version < '3.10'
    # via nox
humanize==4.15.0 ; python_full_version >= '3.10'
    # via nox
idna==3.11
    # via
    #   anyio
    #   httpx
    #   requests
    #   trio
    #   yarl
importlib-metadata==8.7.1 ; python_full_version < '3.10'
importlib-metadata==9.0.0 ; python_full_version >= '3.10'
iniconfig==2.1.0 ; python_full_version < '3.10'
    # via pytest
iniconfig==2.3.0 ; python_full_version >= '3.10'
    # via pytest
inline-snapshot==0.32.6
jiter==0.14.0
    # via openai
markdown-it-py==3.0.0 ; python_full_version < '3.10'
    # via rich
markdown-it-py==4.0.0 ; python_full_version >= '3.10'
    # via rich
mdurl==0.1.2
    # via markdown-it-py
msal==1.36.0
    # via
    #   azure-identity
    #   msal-extensions
msal-extensions==1.3.1
    # via azure-identity
multidict==6.7.1
    # via
    #   aiohttp
    #   yarl
mypy==1.17.0
mypy-extensions==1.1.0
    # via mypy
nest-asyncio==1.6.0
nodeenv==1.10.0
    # via pyright
nox==2026.4.10
numpy==2.0.2 ; python_full_version < '3.10'
    # via
    #   openai
    #   pandas
    #   pandas-stubs
numpy==2.2.6 ; python_full_version == '3.10.*'
    # via
    #   openai
    #   pandas
    #   pandas-stubs
numpy==2.4.4 ; python_full_version >= '3.11'
    # via
    #   openai
    #   pandas
    #   pandas-stubs
outcome==1.3.0.post0
    # via trio
packaging==26.1
    # via
    #   dependency-groups
    #   nox
    #   pytest
pandas==2.3.3 ; python_full_version < '3.11'
    # via openai
pandas==3.0.2 ; python_full_version >= '3.11'
    # via openai
pandas-stubs==2.2.2.240807 ; python_full_version < '3.10'
    # via openai
pandas-stubs==2.3.3.260113 ; python_full_version == '3.10.*'
    # via openai
pandas-stubs==3.0.0.260204 ; python_full_version >= '3.11'
    # via openai
pathspec==1.0.4
    # via mypy
platformdirs==4.4.0 ; python_full_version < '3.10'
    # via
    #   python-discovery
    #   virtualenv
platformdirs==4.9.6 ; python_full_version >= '3.10'
    # via
    #   python-discovery
    #   virtualenv
pluggy==1.6.0
    # via pytest
propcache==0.4.1
    # via
    #   aiohttp
    #   yarl
pycparser==2.23 ; python_full_version < '3.10' and implementation_name != 'PyPy'
    # via cffi
pycparser==3.0 ; python_full_version >= '3.10' and implementation_name != 'PyPy'
    # via cffi
pydantic==2.12.5
    # via openai
pydantic-core==2.41.5
    # via pydantic
pygments==2.20.0
    # via
    #   pytest
    #   rich
pyjwt==2.12.1
    # via msal
pyright==1.1.399
pytest==8.4.2 ; python_full_version < '3.10'
    # via
    #   inline-snapshot
    #   pytest-asyncio
    #   pytest-xdist
pytest==9.0.3 ; python_full_version >= '3.10'
    # via
    #   inline-snapshot
    #   pytest-asyncio
    #   pytest-xdist
pytest-asyncio==1.2.0 ; python_full_version < '3.10'
pytest-asyncio==1.3.0 ; python_full_version >= '3.10'
pytest-xdist==3.8.0
python-dateutil==2.9.0.post0
    # via
    #   pandas
    #   time-machine
python-discovery==1.2.2
    # via virtualenv
pytz==2026.1.post1 ; python_full_version < '3.11'
    # via pandas
requests==2.32.5 ; python_full_version < '3.10'
    # via
    #   azure-core
    #   msal
requests==2.33.1 ; python_full_version >= '3.10'
    # via
    #   azure-core
    #   msal
respx==0.23.1
rich==15.0.0
    # via inline-snapshot
ruff==0.15.11
six==1.17.0
    # via python-dateutil
sniffio==1.3.1
    # via
    #   openai
    #   trio
sortedcontainers==2.4.0
    # via trio
sounddevice==0.5.5
    # via openai
time-machine==2.19.0 ; python_full_version < '3.10'
time-machine==3.2.0 ; python_full_version >= '3.10'
tomli==2.4.1 ; python_full_version < '3.11'
    # via
    #   dependency-groups
    #   inline-snapshot
    #   mypy
    #   nox
    #   pytest
tqdm==4.67.3
    # via openai
trio==0.31.0 ; python_full_version < '3.10'
trio==0.33.0 ; python_full_version >= '3.10'
types-pyaudio==0.2.16.20250801 ; python_full_version < '3.10'
types-pyaudio==0.2.16.20260408 ; python_full_version >= '3.10'
types-pytz==2025.2.0.20251108 ; python_full_version < '3.10'
    # via pandas-stubs
types-pytz==2026.1.1.20260408 ; python_full_version == '3.10.*'
    # via pandas-stubs
types-requests==2.32.4.20260107 ; python_full_version < '3.10'
    # via types-tqdm
types-requests==2.33.0.20260408 ; python_full_version >= '3.10'
    # via types-tqdm
types-tqdm==4.67.3.20260205 ; python_full_version < '3.10'
types-tqdm==4.67.3.20260408 ; python_full_version >= '3.10'
typing-extensions==4.15.0
    # via
    #   aiosignal
    #   anyio
    #   azure-core
    #   azure-identity
    #   cryptography
    #   exceptiongroup
    #   inline-snapshot
    #   multidict
    #   mypy
    #   openai
    #   pydantic
    #   pydantic-core
    #   pyjwt
    #   pyright
    #   pytest-asyncio
    #   typing-inspection
    #   virtualenv
typing-inspection==0.4.2
    # via pydantic
tzdata==2026.1 ; python_full_version < '3.11' or sys_platform == 'emscripten' or sys_platform == 'win32'
    # via pandas
urllib3==2.6.3
    # via
    #   requests
    #   types-requests
virtualenv==21.2.4
    # via nox
websockets==15.0.1
    # via openai
yarl==1.22.0 ; python_full_version < '3.10'
    # via aiohttp
yarl==1.23.0 ; python_full_version >= '3.10'
    # via aiohttp
zipp==3.23.1
    # via importlib-metadata
